
Microsoft Visual Studio Solution File, Format Version 12.00
# Visual Studio Version 17
VisualStudioVersion = 17.9.34728.123
MinimumVisualStudioVersion = 10.0.40219.1
Project("{9A19103F-16F7-4668-BE54-9A1E7A4F7556}") = "Northwind.EntityModels.Sqlite", "Northwind.EntityModels.Sqlite\Northwind.EntityModels.Sqlite.csproj", "{3CA866D0-5F3F-421C-8902-FA74A0BFBF1A}"
EndProject
Project("{9A19103F-16F7-4668-BE54-9A1E7A4F7556}") = "Northwind.DataContext.Sqlite", "Northwind.DataContext.Sqlite\Northwind.DataContext.Sqlite.csproj", "{64801E8C-DF9A-48A9-9185-61E398F08B4C}"
EndProject
Project("{9A19103F-16F7-4668-BE54-9A1E7A4F7556}") = "Northwind.UnitTests", "Northwind.UnitTests\Northwind.UnitTests.csproj", "{48BCB750-D316-46FF-B75E-D7351460553F}"
EndProject
Project("{9A19103F-16F7-4668-BE54-9A1E7A4F7556}") = "Northwind.Web", "Northwind.Web\Northwind.Web.csproj", "{AAF9A251-E980-4B9E-963F-2D3760E9385A}"
EndProject
Project("{FAE04EC0-301F-11D3-BF4B-00C04F79EFBC}") = "Northwind.WebApi", "Northwind.WebApi\Northwind.WebApi.csproj", "{7732AD01-69C1-4965-94CE-F6F399952C07}"
EndProject
Project("{2150E333-8FDC-42A3-9474-1A3956D46DE8}") = "HttpRequests", "HttpRequests", "{BBA57C51-5052-4758-91A7-0AF44858309E}"
	ProjectSection(SolutionItems) = preProject
		create-customer.http = create-customer.http
		get-customers.http = get-customers.http
	EndProjectSection
EndProject
Global
	GlobalSection(SolutionConfigurationPlatforms) = preSolution
		Debug|Any CPU = Debug|Any CPU
		Release|Any CPU = Release|Any CPU
	EndGlobalSection
	GlobalSection(ProjectConfigurationPlatforms) = postSolution
		{3CA866D0-5F3F-421C-8902-FA74A0BFBF1A}.Debug|Any CPU.ActiveCfg = Debug|Any CPU
		{3CA866D0-5F3F-421C-8902-FA74A0BFBF1A}.Debug|Any CPU.Build.0 = Debug|Any CPU
		{3CA866D0-5F3F-421C-8902-FA74A0BFBF1A}.Release|Any CPU.ActiveCfg = Release|Any CPU
		{3CA866D0-5F3F-421C-8902-FA74A0BFBF1A}.Release|Any CPU.Build.0 = Release|Any CPU
		{64801E8C-DF9A-48A9-9185-61E398F08B4C}.Debug|Any CPU.ActiveCfg = Debug|Any CPU
		{64801E8C-DF9A-48A9-9185-61E398F08B4C}.Debug|Any CPU.Build.0 = Debug|Any CPU
		{64801E8C-DF9A-48A9-9185-61E398F08B4C}.Release|Any CPU.ActiveCfg = Release|Any CPU
		{64801E8C-DF9A-48A9-9185-61E398F08B4C}.Release|Any CPU.Build.0 = Release|Any CPU
		{48BCB750-D316-46FF-B75E-D7351460553F}.Debug|Any CPU.ActiveCfg = Debug|Any CPU
		{48BCB750-D316-46FF-B75E-D7351460553F}.Debug|Any CPU.Build.0 = Debug|Any CPU
		{48BCB750-D316-46FF-B75E-D7351460553F}.Release|Any CPU.ActiveCfg = Release|Any CPU
		{48BCB750-D316-46FF-B75E-D7351460553F}.Release|Any CPU.Build.0 = Release|Any CPU
		{AAF9A251-E980-4B9E-963F-2D3760E9385A}.Debug|Any CPU.ActiveCfg = Debug|Any CPU
		{AAF9A251-E980-4B9E-963F-2D3760E9385A}.Debug|Any CPU.Build.0 = Debug|Any CPU
		{AAF9A251-E980-4B9E-963F-2D3760E9385A}.Release|Any CPU.ActiveCfg = Release|Any CPU
		{AAF9A251-E980-4B9E-963F-2D3760E9385A}.Release|Any CPU.Build.0 = Release|Any CPU
		{7732AD01-69C1-4965-94CE-F6F399952C07}.Debug|Any CPU.ActiveCfg = Debug|Any CPU
		{7732AD01-69C1-4965-94CE-F6F399952C07}.Debug|Any CPU.Build.0 = Debug|Any CPU
		{7732AD01-69C1-4965-94CE-F6F399952C07}.Release|Any CPU.ActiveCfg = Release|Any CPU
		{7732AD01-69C1-4965-94CE-F6F399952C07}.Release|Any CPU.Build.0 = Release|Any CPU
	EndGlobalSection
	GlobalSection(SolutionProperties) = preSolution
		HideSolutionNode = FALSE
	EndGlobalSection
	GlobalSection(ExtensibilityGlobals) = postSolution
		SolutionGuid = {DC6E256D-7E5B-4F38-9544-FDCED2B59F2F}
	EndGlobalSection
EndGlobal
