
Microsoft Visual Studio Solution File, Format Version 12.00
# Visual Studio Version 17
VisualStudioVersion = 17.9.34728.123
MinimumVisualStudioVersion = 10.0.40219.1
Project("{9A19103F-16F7-4668-BE54-9A1E7A4F7556}") = "WorkingWithNumbers", "WorkingWithNumbers\WorkingWithNumbers.csproj", "{BB8A8C8D-1475-49FB-B346-E1A3A331A10F}"
EndProject
Project("{9A19103F-16F7-4668-BE54-9A1E7A4F7556}") = "WorkingWithText", "WorkingWithText\WorkingWithText.csproj", "{0C3FEA97-C3D0-4E69-BA2E-E829529F142F}"
EndProject
Project("{9A19103F-16F7-4668-BE54-9A1E7A4F7556}") = "WorkingWithRegularExpressions", "WorkingWithRegularExpressions\WorkingWithRegularExpressions.csproj", "{10B65D73-F766-4395-91C7-E575F561E919}"
EndProject
Project("{FAE04EC0-301F-11D3-BF4B-00C04F79EFBC}") = "WorkingWithCollections", "WorkingWithCollections\WorkingWithCollections.csproj", "{5D2E8096-26ED-42E3-A779-765516889230}"
EndProject
Project("{FAE04EC0-301F-11D3-BF4B-00C04F79EFBC}") = "WorkingWithRanges", "WorkingWithRanges\WorkingWithRanges.csproj", "{A6DB18C7-EE1B-4A3B-A073-8DE1C4D090F2}"
EndProject
Project("{FAE04EC0-301F-11D3-BF4B-00C04F79EFBC}") = "Ch08Ex02RegularExpressions", "Ch08Ex02RegularExpressions\Ch08Ex02RegularExpressions.csproj", "{50305605-67B0-4505-9416-AE1A6EEBF427}"
EndProject
Project("{FAE04EC0-301F-11D3-BF4B-00C04F79EFBC}") = "Ch08Ex03NumbersAsWordsLib", "Ch08Ex03NumbersAsWordsLib\Ch08Ex03NumbersAsWordsLib.csproj", "{E45B37ED-2144-4534-ABE0-F16C0E97806E}"
EndProject
Project("{FAE04EC0-301F-11D3-BF4B-00C04F79EFBC}") = "Ch08Ex03NumbersAsWordsApp", "Ch08Ex03NumbersAsWordsApp\Ch08Ex03NumbersAsWordsApp.csproj", "{F2AEE16A-D8EC-458A-8E3E-76B7135713A5}"
EndProject
Global
	GlobalSection(SolutionConfigurationPlatforms) = preSolution
		Debug|Any CPU = Debug|Any CPU
		Release|Any CPU = Release|Any CPU
	EndGlobalSection
	GlobalSection(ProjectConfigurationPlatforms) = postSolution
		{BB8A8C8D-1475-49FB-B346-E1A3A331A10F}.Debug|Any CPU.ActiveCfg = Debug|Any CPU
		{BB8A8C8D-1475-49FB-B346-E1A3A331A10F}.Debug|Any CPU.Build.0 = Debug|Any CPU
		{BB8A8C8D-1475-49FB-B346-E1A3A331A10F}.Release|Any CPU.ActiveCfg = Release|Any CPU
		{BB8A8C8D-1475-49FB-B346-E1A3A331A10F}.Release|Any CPU.Build.0 = Release|Any CPU
		{0C3FEA97-C3D0-4E69-BA2E-E829529F142F}.Debug|Any CPU.ActiveCfg = Debug|Any CPU
		{0C3FEA97-C3D0-4E69-BA2E-E829529F142F}.Debug|Any CPU.Build.0 = Debug|Any CPU
		{0C3FEA97-C3D0-4E69-BA2E-E829529F142F}.Release|Any CPU.ActiveCfg = Release|Any CPU
		{0C3FEA97-C3D0-4E69-BA2E-E829529F142F}.Release|Any CPU.Build.0 = Release|Any CPU
		{10B65D73-F766-4395-91C7-E575F561E919}.Debug|Any CPU.ActiveCfg = Debug|Any CPU
		{10B65D73-F766-4395-91C7-E575F561E919}.Debug|Any CPU.Build.0 = Debug|Any CPU
		{10B65D73-F766-4395-91C7-E575F561E919}.Release|Any CPU.ActiveCfg = Release|Any CPU
		{10B65D73-F766-4395-91C7-E575F561E919}.Release|Any CPU.Build.0 = Release|Any CPU
		{5D2E8096-26ED-42E3-A779-765516889230}.Debug|Any CPU.ActiveCfg = Debug|Any CPU
		{5D2E8096-26ED-42E3-A779-765516889230}.Debug|Any CPU.Build.0 = Debug|Any CPU
		{5D2E8096-26ED-42E3-A779-765516889230}.Release|Any CPU.ActiveCfg = Release|Any CPU
		{5D2E8096-26ED-42E3-A779-765516889230}.Release|Any CPU.Build.0 = Release|Any CPU
		{A6DB18C7-EE1B-4A3B-A073-8DE1C4D090F2}.Debug|Any CPU.ActiveCfg = Debug|Any CPU
		{A6DB18C7-EE1B-4A3B-A073-8DE1C4D090F2}.Debug|Any CPU.Build.0 = Debug|Any CPU
		{A6DB18C7-EE1B-4A3B-A073-8DE1C4D090F2}.Release|Any CPU.ActiveCfg = Release|Any CPU
		{A6DB18C7-EE1B-4A3B-A073-8DE1C4D090F2}.Release|Any CPU.Build.0 = Release|Any CPU
		{50305605-67B0-4505-9416-AE1A6EEBF427}.Debug|Any CPU.ActiveCfg = Debug|Any CPU
		{50305605-67B0-4505-9416-AE1A6EEBF427}.Debug|Any CPU.Build.0 = Debug|Any CPU
		{50305605-67B0-4505-9416-AE1A6EEBF427}.Release|Any CPU.ActiveCfg = Release|Any CPU
		{50305605-67B0-4505-9416-AE1A6EEBF427}.Release|Any CPU.Build.0 = Release|Any CPU
		{E45B37ED-2144-4534-ABE0-F16C0E97806E}.Debug|Any CPU.ActiveCfg = Debug|Any CPU
		{E45B37ED-2144-4534-ABE0-F16C0E97806E}.Debug|Any CPU.Build.0 = Debug|Any CPU
		{E45B37ED-2144-4534-ABE0-F16C0E97806E}.Release|Any CPU.ActiveCfg = Release|Any CPU
		{E45B37ED-2144-4534-ABE0-F16C0E97806E}.Release|Any CPU.Build.0 = Release|Any CPU
		{F2AEE16A-D8EC-458A-8E3E-76B7135713A5}.Debug|Any CPU.ActiveCfg = Debug|Any CPU
		{F2AEE16A-D8EC-458A-8E3E-76B7135713A5}.Debug|Any CPU.Build.0 = Debug|Any CPU
		{F2AEE16A-D8EC-458A-8E3E-76B7135713A5}.Release|Any CPU.ActiveCfg = Release|Any CPU
		{F2AEE16A-D8EC-458A-8E3E-76B7135713A5}.Release|Any CPU.Build.0 = Release|Any CPU
	EndGlobalSection
	GlobalSection(SolutionProperties) = preSolution
		HideSolutionNode = FALSE
	EndGlobalSection
	GlobalSection(ExtensibilityGlobals) = postSolution
		SolutionGuid = {6A699BFE-A675-42F8-A628-D3A3B83CE9FD}
	EndGlobalSection
EndGlobal
