
Microsoft Visual Studio Solution File, Format Version 12.00
# Visual Studio Version 17
VisualStudioVersion = 17.9.34728.123
MinimumVisualStudioVersion = 10.0.40219.1
Project("{9A19103F-16F7-4668-BE54-9A1E7A4F7556}") = "TopLevelFunctions", "TopLevelFunctions\TopLevelFunctions.csproj", "{1CF4FFA6-3990-440E-B8E1-DF0949D0690B}"
EndProject
Project("{9A19103F-16F7-4668-BE54-9A1E7A4F7556}") = "WritingFunctions", "WritingFunctions\WritingFunctions.csproj", "{3BED9A32-F3A8-44DF-A3F6-E08CDECF0496}"
EndProject
Project("{FAE04EC0-301F-11D3-BF4B-00C04F79EFBC}") = "Debugging", "Debugging\Debugging.csproj", "{A90045C6-7415-4D9C-909F-F402FB472A06}"
EndProject
Project("{FAE04EC0-301F-11D3-BF4B-00C04F79EFBC}") = "HotReloading", "HotReloading\HotReloading.csproj", "{B4FB3E6C-7352-4311-A81B-1509C3EC0F60}"
EndProject
Project("{FAE04EC0-301F-11D3-BF4B-00C04F79EFBC}") = "Instrumenting", "Instrumenting\Instrumenting.csproj", "{2E69520F-9A38-40D9-A5E6-BE5694C79E63}"
EndProject
Global
	GlobalSection(SolutionConfigurationPlatforms) = preSolution
		Debug|Any CPU = Debug|Any CPU
		Release|Any CPU = Release|Any CPU
	EndGlobalSection
	GlobalSection(ProjectConfigurationPlatforms) = postSolution
		{1CF4FFA6-3990-440E-B8E1-DF0949D0690B}.Debug|Any CPU.ActiveCfg = Debug|Any CPU
		{1CF4FFA6-3990-440E-B8E1-DF0949D0690B}.Debug|Any CPU.Build.0 = Debug|Any CPU
		{1CF4FFA6-3990-440E-B8E1-DF0949D0690B}.Release|Any CPU.ActiveCfg = Release|Any CPU
		{1CF4FFA6-3990-440E-B8E1-DF0949D0690B}.Release|Any CPU.Build.0 = Release|Any CPU
		{3BED9A32-F3A8-44DF-A3F6-E08CDECF0496}.Debug|Any CPU.ActiveCfg = Debug|Any CPU
		{3BED9A32-F3A8-44DF-A3F6-E08CDECF0496}.Debug|Any CPU.Build.0 = Debug|Any CPU
		{3BED9A32-F3A8-44DF-A3F6-E08CDECF0496}.Release|Any CPU.ActiveCfg = Release|Any CPU
		{3BED9A32-F3A8-44DF-A3F6-E08CDECF0496}.Release|Any CPU.Build.0 = Release|Any CPU
		{A90045C6-7415-4D9C-909F-F402FB472A06}.Debug|Any CPU.ActiveCfg = Debug|Any CPU
		{A90045C6-7415-4D9C-909F-F402FB472A06}.Debug|Any CPU.Build.0 = Debug|Any CPU
		{A90045C6-7415-4D9C-909F-F402FB472A06}.Release|Any CPU.ActiveCfg = Release|Any CPU
		{A90045C6-7415-4D9C-909F-F402FB472A06}.Release|Any CPU.Build.0 = Release|Any CPU
		{B4FB3E6C-7352-4311-A81B-1509C3EC0F60}.Debug|Any CPU.ActiveCfg = Debug|Any CPU
		{B4FB3E6C-7352-4311-A81B-1509C3EC0F60}.Debug|Any CPU.Build.0 = Debug|Any CPU
		{B4FB3E6C-7352-4311-A81B-1509C3EC0F60}.Release|Any CPU.ActiveCfg = Release|Any CPU
		{B4FB3E6C-7352-4311-A81B-1509C3EC0F60}.Release|Any CPU.Build.0 = Release|Any CPU
		{2E69520F-9A38-40D9-A5E6-BE5694C79E63}.Debug|Any CPU.ActiveCfg = Debug|Any CPU
		{2E69520F-9A38-40D9-A5E6-BE5694C79E63}.Debug|Any CPU.Build.0 = Debug|Any CPU
		{2E69520F-9A38-40D9-A5E6-BE5694C79E63}.Release|Any CPU.ActiveCfg = Release|Any CPU
		{2E69520F-9A38-40D9-A5E6-BE5694C79E63}.Release|Any CPU.Build.0 = Release|Any CPU
	EndGlobalSection
	GlobalSection(SolutionProperties) = preSolution
		HideSolutionNode = FALSE
	EndGlobalSection
	GlobalSection(ExtensibilityGlobals) = postSolution
		SolutionGuid = {82FE7649-DF72-47A0-9916-F716CC31B32D}
	EndGlobalSection
EndGlobal
