
Microsoft Visual Studio Solution File, Format Version 12.00
# Visual Studio Version 17
VisualStudioVersion = 17.9.34728.123
MinimumVisualStudioVersion = 10.0.40219.1
Project("{9A19103F-16F7-4668-BE54-9A1E7A4F7556}") = "TopLevelFunctions", "TopLevelFunctions\TopLevelFunctions.csproj", "{1CF4FFA6-3990-440E-B8E1-DF0949D0690B}"
EndProject
Project("{9A19103F-16F7-4668-BE54-9A1E7A4F7556}") = "WritingFunctions", "WritingFunctions\WritingFunctions.csproj", "{3BED9A32-F3A8-44DF-A3F6-E08CDECF0496}"
EndProject
Project("{9A19103F-16F7-4668-BE54-9A1E7A4F7556}") = "Debugging", "Debugging\Debugging.csproj", "{A90045C6-7415-4D9C-909F-F402FB472A06}"
EndProject
Project("{9A19103F-16F7-4668-BE54-9A1E7A4F7556}") = "HotReloading", "HotReloading\HotReloading.csproj", "{B4FB3E6C-7352-4311-A81B-1509C3EC0F60}"
EndProject
Project("{9A19103F-16F7-4668-BE54-9A1E7A4F7556}") = "Instrumenting", "Instrumenting\Instrumenting.csproj", "{2E69520F-9A38-40D9-A5E6-BE5694C79E63}"
EndProject
Project("{9A19103F-16F7-4668-BE54-9A1E7A4F7556}") = "CalculatorLib", "CalculatorLib\CalculatorLib.csproj", "{850CFA7D-3C3C-4A3B-B8DB-9D3BC7A38C9B}"
EndProject
Project("{9A19103F-16F7-4668-BE54-9A1E7A4F7556}") = "CalculatorLibUnitTests", "CalculatorLibUnitTests\CalculatorLibUnitTests.csproj", "{CBF0DC51-6859-40F3-8CF0-4163E362E73C}"
EndProject
Project("{9A19103F-16F7-4668-BE54-9A1E7A4F7556}") = "CallStackExceptionHandlingLib", "CallStackExceptionHandlingLib\CallStackExceptionHandlingLib.csproj", "{08B0E76D-8DA7-45F8-AF6E-ABA4AB49E074}"
EndProject
Project("{9A19103F-16F7-4668-BE54-9A1E7A4F7556}") = "CallStackExceptionHandling", "CallStackExceptionHandling\CallStackExceptionHandling.csproj", "{E642FDE4-3FD7-47B0-A69F-FA001E9FED40}"
EndProject
Project("{FAE04EC0-301F-11D3-BF4B-00C04F79EFBC}") = "Ch04Ex02PrimeFactorsLib", "Ch04Ex02PrimeFactorsLib\Ch04Ex02PrimeFactorsLib.csproj", "{4E4A655F-9B54-4BB4-B11C-3AAFAFE64836}"
EndProject
Project("{FAE04EC0-301F-11D3-BF4B-00C04F79EFBC}") = "Ch04Ex02PrimeFactorsTests", "Ch04Ex02PrimeFactorsTests\Ch04Ex02PrimeFactorsTests.csproj", "{EB4A5CED-EA97-4EB7-9EC5-644EFA7FEA8A}"
EndProject
Project("{FAE04EC0-301F-11D3-BF4B-00C04F79EFBC}") = "Ch04Ex02PrimeFactorsApp", "Ch04Ex02PrimeFactorsApp\Ch04Ex02PrimeFactorsApp.csproj", "{64E25C0A-1C34-4549-8456-47CAEA985CE7}"
EndProject
Global
	GlobalSection(SolutionConfigurationPlatforms) = preSolution
		Debug|Any CPU = Debug|Any CPU
		Debug|ARM = Debug|ARM
		Debug|ARM64 = Debug|ARM64
		Debug|x64 = Debug|x64
		Debug|x86 = Debug|x86
		Release|Any CPU = Release|Any CPU
		Release|ARM = Release|ARM
		Release|ARM64 = Release|ARM64
		Release|x64 = Release|x64
		Release|x86 = Release|x86
	EndGlobalSection
	GlobalSection(ProjectConfigurationPlatforms) = postSolution
		{1CF4FFA6-3990-440E-B8E1-DF0949D0690B}.Debug|Any CPU.ActiveCfg = Debug|Any CPU
		{1CF4FFA6-3990-440E-B8E1-DF0949D0690B}.Debug|Any CPU.Build.0 = Debug|Any CPU
		{1CF4FFA6-3990-440E-B8E1-DF0949D0690B}.Debug|ARM.ActiveCfg = Debug|Any CPU
		{1CF4FFA6-3990-440E-B8E1-DF0949D0690B}.Debug|ARM.Build.0 = Debug|Any CPU
		{1CF4FFA6-3990-440E-B8E1-DF0949D0690B}.Debug|ARM64.ActiveCfg = Debug|Any CPU
		{1CF4FFA6-3990-440E-B8E1-DF0949D0690B}.Debug|ARM64.Build.0 = Debug|Any CPU
		{1CF4FFA6-3990-440E-B8E1-DF0949D0690B}.Debug|x64.ActiveCfg = Debug|Any CPU
		{1CF4FFA6-3990-440E-B8E1-DF0949D0690B}.Debug|x64.Build.0 = Debug|Any CPU
		{1CF4FFA6-3990-440E-B8E1-DF0949D0690B}.Debug|x86.ActiveCfg = Debug|Any CPU
		{1CF4FFA6-3990-440E-B8E1-DF0949D0690B}.Debug|x86.Build.0 = Debug|Any CPU
		{1CF4FFA6-3990-440E-B8E1-DF0949D0690B}.Release|Any CPU.ActiveCfg = Release|Any CPU
		{1CF4FFA6-3990-440E-B8E1-DF0949D0690B}.Release|Any CPU.Build.0 = Release|Any CPU
		{1CF4FFA6-3990-440E-B8E1-DF0949D0690B}.Release|ARM.ActiveCfg = Release|Any CPU
		{1CF4FFA6-3990-440E-B8E1-DF0949D0690B}.Release|ARM.Build.0 = Release|Any CPU
		{1CF4FFA6-3990-440E-B8E1-DF0949D0690B}.Release|ARM64.ActiveCfg = Release|Any CPU
		{1CF4FFA6-3990-440E-B8E1-DF0949D0690B}.Release|ARM64.Build.0 = Release|Any CPU
		{1CF4FFA6-3990-440E-B8E1-DF0949D0690B}.Release|x64.ActiveCfg = Release|Any CPU
		{1CF4FFA6-3990-440E-B8E1-DF0949D0690B}.Release|x64.Build.0 = Release|Any CPU
		{1CF4FFA6-3990-440E-B8E1-DF0949D0690B}.Release|x86.ActiveCfg = Release|Any CPU
		{1CF4FFA6-3990-440E-B8E1-DF0949D0690B}.Release|x86.Build.0 = Release|Any CPU
		{3BED9A32-F3A8-44DF-A3F6-E08CDECF0496}.Debug|Any CPU.ActiveCfg = Debug|Any CPU
		{3BED9A32-F3A8-44DF-A3F6-E08CDECF0496}.Debug|Any CPU.Build.0 = Debug|Any CPU
		{3BED9A32-F3A8-44DF-A3F6-E08CDECF0496}.Debug|ARM.ActiveCfg = Debug|Any CPU
		{3BED9A32-F3A8-44DF-A3F6-E08CDECF0496}.Debug|ARM.Build.0 = Debug|Any CPU
		{3BED9A32-F3A8-44DF-A3F6-E08CDECF0496}.Debug|ARM64.ActiveCfg = Debug|Any CPU
		{3BED9A32-F3A8-44DF-A3F6-E08CDECF0496}.Debug|ARM64.Build.0 = Debug|Any CPU
		{3BED9A32-F3A8-44DF-A3F6-E08CDECF0496}.Debug|x64.ActiveCfg = Debug|Any CPU
		{3BED9A32-F3A8-44DF-A3F6-E08CDECF0496}.Debug|x64.Build.0 = Debug|Any CPU
		{3BED9A32-F3A8-44DF-A3F6-E08CDECF0496}.Debug|x86.ActiveCfg = Debug|Any CPU
		{3BED9A32-F3A8-44DF-A3F6-E08CDECF0496}.Debug|x86.Build.0 = Debug|Any CPU
		{3BED9A32-F3A8-44DF-A3F6-E08CDECF0496}.Release|Any CPU.ActiveCfg = Release|Any CPU
		{3BED9A32-F3A8-44DF-A3F6-E08CDECF0496}.Release|Any CPU.Build.0 = Release|Any CPU
		{3BED9A32-F3A8-44DF-A3F6-E08CDECF0496}.Release|ARM.ActiveCfg = Release|Any CPU
		{3BED9A32-F3A8-44DF-A3F6-E08CDECF0496}.Release|ARM.Build.0 = Release|Any CPU
		{3BED9A32-F3A8-44DF-A3F6-E08CDECF0496}.Release|ARM64.ActiveCfg = Release|Any CPU
		{3BED9A32-F3A8-44DF-A3F6-E08CDECF0496}.Release|ARM64.Build.0 = Release|Any CPU
		{3BED9A32-F3A8-44DF-A3F6-E08CDECF0496}.Release|x64.ActiveCfg = Release|Any CPU
		{3BED9A32-F3A8-44DF-A3F6-E08CDECF0496}.Release|x64.Build.0 = Release|Any CPU
		{3BED9A32-F3A8-44DF-A3F6-E08CDECF0496}.Release|x86.ActiveCfg = Release|Any CPU
		{3BED9A32-F3A8-44DF-A3F6-E08CDECF0496}.Release|x86.Build.0 = Release|Any CPU
		{A90045C6-7415-4D9C-909F-F402FB472A06}.Debug|Any CPU.ActiveCfg = Debug|Any CPU
		{A90045C6-7415-4D9C-909F-F402FB472A06}.Debug|Any CPU.Build.0 = Debug|Any CPU
		{A90045C6-7415-4D9C-909F-F402FB472A06}.Debug|ARM.ActiveCfg = Debug|Any CPU
		{A90045C6-7415-4D9C-909F-F402FB472A06}.Debug|ARM.Build.0 = Debug|Any CPU
		{A90045C6-7415-4D9C-909F-F402FB472A06}.Debug|ARM64.ActiveCfg = Debug|Any CPU
		{A90045C6-7415-4D9C-909F-F402FB472A06}.Debug|ARM64.Build.0 = Debug|Any CPU
		{A90045C6-7415-4D9C-909F-F402FB472A06}.Debug|x64.ActiveCfg = Debug|Any CPU
		{A90045C6-7415-4D9C-909F-F402FB472A06}.Debug|x64.Build.0 = Debug|Any CPU
		{A90045C6-7415-4D9C-909F-F402FB472A06}.Debug|x86.ActiveCfg = Debug|Any CPU
		{A90045C6-7415-4D9C-909F-F402FB472A06}.Debug|x86.Build.0 = Debug|Any CPU
		{A90045C6-7415-4D9C-909F-F402FB472A06}.Release|Any CPU.ActiveCfg = Release|Any CPU
		{A90045C6-7415-4D9C-909F-F402FB472A06}.Release|Any CPU.Build.0 = Release|Any CPU
		{A90045C6-7415-4D9C-909F-F402FB472A06}.Release|ARM.ActiveCfg = Release|Any CPU
		{A90045C6-7415-4D9C-909F-F402FB472A06}.Release|ARM.Build.0 = Release|Any CPU
		{A90045C6-7415-4D9C-909F-F402FB472A06}.Release|ARM64.ActiveCfg = Release|Any CPU
		{A90045C6-7415-4D9C-909F-F402FB472A06}.Release|ARM64.Build.0 = Release|Any CPU
		{A90045C6-7415-4D9C-909F-F402FB472A06}.Release|x64.ActiveCfg = Release|Any CPU
		{A90045C6-7415-4D9C-909F-F402FB472A06}.Release|x64.Build.0 = Release|Any CPU
		{A90045C6-7415-4D9C-909F-F402FB472A06}.Release|x86.ActiveCfg = Release|Any CPU
		{A90045C6-7415-4D9C-909F-F402FB472A06}.Release|x86.Build.0 = Release|Any CPU
		{B4FB3E6C-7352-4311-A81B-1509C3EC0F60}.Debug|Any CPU.ActiveCfg = Debug|Any CPU
		{B4FB3E6C-7352-4311-A81B-1509C3EC0F60}.Debug|Any CPU.Build.0 = Debug|Any CPU
		{B4FB3E6C-7352-4311-A81B-1509C3EC0F60}.Debug|ARM.ActiveCfg = Debug|Any CPU
		{B4FB3E6C-7352-4311-A81B-1509C3EC0F60}.Debug|ARM.Build.0 = Debug|Any CPU
		{B4FB3E6C-7352-4311-A81B-1509C3EC0F60}.Debug|ARM64.ActiveCfg = Debug|Any CPU
		{B4FB3E6C-7352-4311-A81B-1509C3EC0F60}.Debug|ARM64.Build.0 = Debug|Any CPU
		{B4FB3E6C-7352-4311-A81B-1509C3EC0F60}.Debug|x64.ActiveCfg = Debug|Any CPU
		{B4FB3E6C-7352-4311-A81B-1509C3EC0F60}.Debug|x64.Build.0 = Debug|Any CPU
		{B4FB3E6C-7352-4311-A81B-1509C3EC0F60}.Debug|x86.ActiveCfg = Debug|Any CPU
		{B4FB3E6C-7352-4311-A81B-1509C3EC0F60}.Debug|x86.Build.0 = Debug|Any CPU
		{B4FB3E6C-7352-4311-A81B-1509C3EC0F60}.Release|Any CPU.ActiveCfg = Release|Any CPU
		{B4FB3E6C-7352-4311-A81B-1509C3EC0F60}.Release|Any CPU.Build.0 = Release|Any CPU
		{B4FB3E6C-7352-4311-A81B-1509C3EC0F60}.Release|ARM.ActiveCfg = Release|Any CPU
		{B4FB3E6C-7352-4311-A81B-1509C3EC0F60}.Release|ARM.Build.0 = Release|Any CPU
		{B4FB3E6C-7352-4311-A81B-1509C3EC0F60}.Release|ARM64.ActiveCfg = Release|Any CPU
		{B4FB3E6C-7352-4311-A81B-1509C3EC0F60}.Release|ARM64.Build.0 = Release|Any CPU
		{B4FB3E6C-7352-4311-A81B-1509C3EC0F60}.Release|x64.ActiveCfg = Release|Any CPU
		{B4FB3E6C-7352-4311-A81B-1509C3EC0F60}.Release|x64.Build.0 = Release|Any CPU
		{B4FB3E6C-7352-4311-A81B-1509C3EC0F60}.Release|x86.ActiveCfg = Release|Any CPU
		{B4FB3E6C-7352-4311-A81B-1509C3EC0F60}.Release|x86.Build.0 = Release|Any CPU
		{2E69520F-9A38-40D9-A5E6-BE5694C79E63}.Debug|Any CPU.ActiveCfg = Debug|Any CPU
		{2E69520F-9A38-40D9-A5E6-BE5694C79E63}.Debug|Any CPU.Build.0 = Debug|Any CPU
		{2E69520F-9A38-40D9-A5E6-BE5694C79E63}.Debug|ARM.ActiveCfg = Debug|Any CPU
		{2E69520F-9A38-40D9-A5E6-BE5694C79E63}.Debug|ARM.Build.0 = Debug|Any CPU
		{2E69520F-9A38-40D9-A5E6-BE5694C79E63}.Debug|ARM64.ActiveCfg = Debug|Any CPU
		{2E69520F-9A38-40D9-A5E6-BE5694C79E63}.Debug|ARM64.Build.0 = Debug|Any CPU
		{2E69520F-9A38-40D9-A5E6-BE5694C79E63}.Debug|x64.ActiveCfg = Debug|Any CPU
		{2E69520F-9A38-40D9-A5E6-BE5694C79E63}.Debug|x64.Build.0 = Debug|Any CPU
		{2E69520F-9A38-40D9-A5E6-BE5694C79E63}.Debug|x86.ActiveCfg = Debug|Any CPU
		{2E69520F-9A38-40D9-A5E6-BE5694C79E63}.Debug|x86.Build.0 = Debug|Any CPU
		{2E69520F-9A38-40D9-A5E6-BE5694C79E63}.Release|Any CPU.ActiveCfg = Release|Any CPU
		{2E69520F-9A38-40D9-A5E6-BE5694C79E63}.Release|Any CPU.Build.0 = Release|Any CPU
		{2E69520F-9A38-40D9-A5E6-BE5694C79E63}.Release|ARM.ActiveCfg = Release|Any CPU
		{2E69520F-9A38-40D9-A5E6-BE5694C79E63}.Release|ARM.Build.0 = Release|Any CPU
		{2E69520F-9A38-40D9-A5E6-BE5694C79E63}.Release|ARM64.ActiveCfg = Release|Any CPU
		{2E69520F-9A38-40D9-A5E6-BE5694C79E63}.Release|ARM64.Build.0 = Release|Any CPU
		{2E69520F-9A38-40D9-A5E6-BE5694C79E63}.Release|x64.ActiveCfg = Release|Any CPU
		{2E69520F-9A38-40D9-A5E6-BE5694C79E63}.Release|x64.Build.0 = Release|Any CPU
		{2E69520F-9A38-40D9-A5E6-BE5694C79E63}.Release|x86.ActiveCfg = Release|Any CPU
		{2E69520F-9A38-40D9-A5E6-BE5694C79E63}.Release|x86.Build.0 = Release|Any CPU
		{850CFA7D-3C3C-4A3B-B8DB-9D3BC7A38C9B}.Debug|Any CPU.ActiveCfg = Debug|Any CPU
		{850CFA7D-3C3C-4A3B-B8DB-9D3BC7A38C9B}.Debug|Any CPU.Build.0 = Debug|Any CPU
		{850CFA7D-3C3C-4A3B-B8DB-9D3BC7A38C9B}.Debug|ARM.ActiveCfg = Debug|Any CPU
		{850CFA7D-3C3C-4A3B-B8DB-9D3BC7A38C9B}.Debug|ARM.Build.0 = Debug|Any CPU
		{850CFA7D-3C3C-4A3B-B8DB-9D3BC7A38C9B}.Debug|ARM64.ActiveCfg = Debug|Any CPU
		{850CFA7D-3C3C-4A3B-B8DB-9D3BC7A38C9B}.Debug|ARM64.Build.0 = Debug|Any CPU
		{850CFA7D-3C3C-4A3B-B8DB-9D3BC7A38C9B}.Debug|x64.ActiveCfg = Debug|Any CPU
		{850CFA7D-3C3C-4A3B-B8DB-9D3BC7A38C9B}.Debug|x64.Build.0 = Debug|Any CPU
		{850CFA7D-3C3C-4A3B-B8DB-9D3BC7A38C9B}.Debug|x86.ActiveCfg = Debug|Any CPU
		{850CFA7D-3C3C-4A3B-B8DB-9D3BC7A38C9B}.Debug|x86.Build.0 = Debug|Any CPU
		{850CFA7D-3C3C-4A3B-B8DB-9D3BC7A38C9B}.Release|Any CPU.ActiveCfg = Release|Any CPU
		{850CFA7D-3C3C-4A3B-B8DB-9D3BC7A38C9B}.Release|Any CPU.Build.0 = Release|Any CPU
		{850CFA7D-3C3C-4A3B-B8DB-9D3BC7A38C9B}.Release|ARM.ActiveCfg = Release|Any CPU
		{850CFA7D-3C3C-4A3B-B8DB-9D3BC7A38C9B}.Release|ARM.Build.0 = Release|Any CPU
		{850CFA7D-3C3C-4A3B-B8DB-9D3BC7A38C9B}.Release|ARM64.ActiveCfg = Release|Any CPU
		{850CFA7D-3C3C-4A3B-B8DB-9D3BC7A38C9B}.Release|ARM64.Build.0 = Release|Any CPU
		{850CFA7D-3C3C-4A3B-B8DB-9D3BC7A38C9B}.Release|x64.ActiveCfg = Release|Any CPU
		{850CFA7D-3C3C-4A3B-B8DB-9D3BC7A38C9B}.Release|x64.Build.0 = Release|Any CPU
		{850CFA7D-3C3C-4A3B-B8DB-9D3BC7A38C9B}.Release|x86.ActiveCfg = Release|Any CPU
		{850CFA7D-3C3C-4A3B-B8DB-9D3BC7A38C9B}.Release|x86.Build.0 = Release|Any CPU
		{CBF0DC51-6859-40F3-8CF0-4163E362E73C}.Debug|Any CPU.ActiveCfg = Debug|Any CPU
		{CBF0DC51-6859-40F3-8CF0-4163E362E73C}.Debug|Any CPU.Build.0 = Debug|Any CPU
		{CBF0DC51-6859-40F3-8CF0-4163E362E73C}.Debug|ARM.ActiveCfg = Debug|Any CPU
		{CBF0DC51-6859-40F3-8CF0-4163E362E73C}.Debug|ARM.Build.0 = Debug|Any CPU
		{CBF0DC51-6859-40F3-8CF0-4163E362E73C}.Debug|ARM64.ActiveCfg = Debug|Any CPU
		{CBF0DC51-6859-40F3-8CF0-4163E362E73C}.Debug|ARM64.Build.0 = Debug|Any CPU
		{CBF0DC51-6859-40F3-8CF0-4163E362E73C}.Debug|x64.ActiveCfg = Debug|Any CPU
		{CBF0DC51-6859-40F3-8CF0-4163E362E73C}.Debug|x64.Build.0 = Debug|Any CPU
		{CBF0DC51-6859-40F3-8CF0-4163E362E73C}.Debug|x86.ActiveCfg = Debug|Any CPU
		{CBF0DC51-6859-40F3-8CF0-4163E362E73C}.Debug|x86.Build.0 = Debug|Any CPU
		{CBF0DC51-6859-40F3-8CF0-4163E362E73C}.Release|Any CPU.ActiveCfg = Release|Any CPU
		{CBF0DC51-6859-40F3-8CF0-4163E362E73C}.Release|Any CPU.Build.0 = Release|Any CPU
		{CBF0DC51-6859-40F3-8CF0-4163E362E73C}.Release|ARM.ActiveCfg = Release|Any CPU
		{CBF0DC51-6859-40F3-8CF0-4163E362E73C}.Release|ARM.Build.0 = Release|Any CPU
		{CBF0DC51-6859-40F3-8CF0-4163E362E73C}.Release|ARM64.ActiveCfg = Release|Any CPU
		{CBF0DC51-6859-40F3-8CF0-4163E362E73C}.Release|ARM64.Build.0 = Release|Any CPU
		{CBF0DC51-6859-40F3-8CF0-4163E362E73C}.Release|x64.ActiveCfg = Release|Any CPU
		{CBF0DC51-6859-40F3-8CF0-4163E362E73C}.Release|x64.Build.0 = Release|Any CPU
		{CBF0DC51-6859-40F3-8CF0-4163E362E73C}.Release|x86.ActiveCfg = Release|Any CPU
		{CBF0DC51-6859-40F3-8CF0-4163E362E73C}.Release|x86.Build.0 = Release|Any CPU
		{08B0E76D-8DA7-45F8-AF6E-ABA4AB49E074}.Debug|Any CPU.ActiveCfg = Debug|Any CPU
		{08B0E76D-8DA7-45F8-AF6E-ABA4AB49E074}.Debug|Any CPU.Build.0 = Debug|Any CPU
		{08B0E76D-8DA7-45F8-AF6E-ABA4AB49E074}.Debug|ARM.ActiveCfg = Debug|Any CPU
		{08B0E76D-8DA7-45F8-AF6E-ABA4AB49E074}.Debug|ARM.Build.0 = Debug|Any CPU
		{08B0E76D-8DA7-45F8-AF6E-ABA4AB49E074}.Debug|ARM64.ActiveCfg = Debug|Any CPU
		{08B0E76D-8DA7-45F8-AF6E-ABA4AB49E074}.Debug|ARM64.Build.0 = Debug|Any CPU
		{08B0E76D-8DA7-45F8-AF6E-ABA4AB49E074}.Debug|x64.ActiveCfg = Debug|Any CPU
		{08B0E76D-8DA7-45F8-AF6E-ABA4AB49E074}.Debug|x64.Build.0 = Debug|Any CPU
		{08B0E76D-8DA7-45F8-AF6E-ABA4AB49E074}.Debug|x86.ActiveCfg = Debug|Any CPU
		{08B0E76D-8DA7-45F8-AF6E-ABA4AB49E074}.Debug|x86.Build.0 = Debug|Any CPU
		{08B0E76D-8DA7-45F8-AF6E-ABA4AB49E074}.Release|Any CPU.ActiveCfg = Release|Any CPU
		{08B0E76D-8DA7-45F8-AF6E-ABA4AB49E074}.Release|Any CPU.Build.0 = Release|Any CPU
		{08B0E76D-8DA7-45F8-AF6E-ABA4AB49E074}.Release|ARM.ActiveCfg = Release|Any CPU
		{08B0E76D-8DA7-45F8-AF6E-ABA4AB49E074}.Release|ARM.Build.0 = Release|Any CPU
		{08B0E76D-8DA7-45F8-AF6E-ABA4AB49E074}.Release|ARM64.ActiveCfg = Release|Any CPU
		{08B0E76D-8DA7-45F8-AF6E-ABA4AB49E074}.Release|ARM64.Build.0 = Release|Any CPU
		{08B0E76D-8DA7-45F8-AF6E-ABA4AB49E074}.Release|x64.ActiveCfg = Release|Any CPU
		{08B0E76D-8DA7-45F8-AF6E-ABA4AB49E074}.Release|x64.Build.0 = Release|Any CPU
		{08B0E76D-8DA7-45F8-AF6E-ABA4AB49E074}.Release|x86.ActiveCfg = Release|Any CPU
		{08B0E76D-8DA7-45F8-AF6E-ABA4AB49E074}.Release|x86.Build.0 = Release|Any CPU
		{E642FDE4-3FD7-47B0-A69F-FA001E9FED40}.Debug|Any CPU.ActiveCfg = Debug|Any CPU
		{E642FDE4-3FD7-47B0-A69F-FA001E9FED40}.Debug|Any CPU.Build.0 = Debug|Any CPU
		{E642FDE4-3FD7-47B0-A69F-FA001E9FED40}.Debug|ARM.ActiveCfg = Debug|Any CPU
		{E642FDE4-3FD7-47B0-A69F-FA001E9FED40}.Debug|ARM.Build.0 = Debug|Any CPU
		{E642FDE4-3FD7-47B0-A69F-FA001E9FED40}.Debug|ARM64.ActiveCfg = Debug|Any CPU
		{E642FDE4-3FD7-47B0-A69F-FA001E9FED40}.Debug|ARM64.Build.0 = Debug|Any CPU
		{E642FDE4-3FD7-47B0-A69F-FA001E9FED40}.Debug|x64.ActiveCfg = Debug|Any CPU
		{E642FDE4-3FD7-47B0-A69F-FA001E9FED40}.Debug|x64.Build.0 = Debug|Any CPU
		{E642FDE4-3FD7-47B0-A69F-FA001E9FED40}.Debug|x86.ActiveCfg = Debug|Any CPU
		{E642FDE4-3FD7-47B0-A69F-FA001E9FED40}.Debug|x86.Build.0 = Debug|Any CPU
		{E642FDE4-3FD7-47B0-A69F-FA001E9FED40}.Release|Any CPU.ActiveCfg = Release|Any CPU
		{E642FDE4-3FD7-47B0-A69F-FA001E9FED40}.Release|Any CPU.Build.0 = Release|Any CPU
		{E642FDE4-3FD7-47B0-A69F-FA001E9FED40}.Release|ARM.ActiveCfg = Release|Any CPU
		{E642FDE4-3FD7-47B0-A69F-FA001E9FED40}.Release|ARM.Build.0 = Release|Any CPU
		{E642FDE4-3FD7-47B0-A69F-FA001E9FED40}.Release|ARM64.ActiveCfg = Release|Any CPU
		{E642FDE4-3FD7-47B0-A69F-FA001E9FED40}.Release|ARM64.Build.0 = Release|Any CPU
		{E642FDE4-3FD7-47B0-A69F-FA001E9FED40}.Release|x64.ActiveCfg = Release|Any CPU
		{E642FDE4-3FD7-47B0-A69F-FA001E9FED40}.Release|x64.Build.0 = Release|Any CPU
		{E642FDE4-3FD7-47B0-A69F-FA001E9FED40}.Release|x86.ActiveCfg = Release|Any CPU
		{E642FDE4-3FD7-47B0-A69F-FA001E9FED40}.Release|x86.Build.0 = Release|Any CPU
		{4E4A655F-9B54-4BB4-B11C-3AAFAFE64836}.Debug|Any CPU.ActiveCfg = Debug|Any CPU
		{4E4A655F-9B54-4BB4-B11C-3AAFAFE64836}.Debug|Any CPU.Build.0 = Debug|Any CPU
		{4E4A655F-9B54-4BB4-B11C-3AAFAFE64836}.Debug|ARM.ActiveCfg = Debug|Any CPU
		{4E4A655F-9B54-4BB4-B11C-3AAFAFE64836}.Debug|ARM.Build.0 = Debug|Any CPU
		{4E4A655F-9B54-4BB4-B11C-3AAFAFE64836}.Debug|ARM64.ActiveCfg = Debug|Any CPU
		{4E4A655F-9B54-4BB4-B11C-3AAFAFE64836}.Debug|ARM64.Build.0 = Debug|Any CPU
		{4E4A655F-9B54-4BB4-B11C-3AAFAFE64836}.Debug|x64.ActiveCfg = Debug|Any CPU
		{4E4A655F-9B54-4BB4-B11C-3AAFAFE64836}.Debug|x64.Build.0 = Debug|Any CPU
		{4E4A655F-9B54-4BB4-B11C-3AAFAFE64836}.Debug|x86.ActiveCfg = Debug|Any CPU
		{4E4A655F-9B54-4BB4-B11C-3AAFAFE64836}.Debug|x86.Build.0 = Debug|Any CPU
		{4E4A655F-9B54-4BB4-B11C-3AAFAFE64836}.Release|Any CPU.ActiveCfg = Release|Any CPU
		{4E4A655F-9B54-4BB4-B11C-3AAFAFE64836}.Release|Any CPU.Build.0 = Release|Any CPU
		{4E4A655F-9B54-4BB4-B11C-3AAFAFE64836}.Release|ARM.ActiveCfg = Release|Any CPU
		{4E4A655F-9B54-4BB4-B11C-3AAFAFE64836}.Release|ARM.Build.0 = Release|Any CPU
		{4E4A655F-9B54-4BB4-B11C-3AAFAFE64836}.Release|ARM64.ActiveCfg = Release|Any CPU
		{4E4A655F-9B54-4BB4-B11C-3AAFAFE64836}.Release|ARM64.Build.0 = Release|Any CPU
		{4E4A655F-9B54-4BB4-B11C-3AAFAFE64836}.Release|x64.ActiveCfg = Release|Any CPU
		{4E4A655F-9B54-4BB4-B11C-3AAFAFE64836}.Release|x64.Build.0 = Release|Any CPU
		{4E4A655F-9B54-4BB4-B11C-3AAFAFE64836}.Release|x86.ActiveCfg = Release|Any CPU
		{4E4A655F-9B54-4BB4-B11C-3AAFAFE64836}.Release|x86.Build.0 = Release|Any CPU
		{EB4A5CED-EA97-4EB7-9EC5-644EFA7FEA8A}.Debug|Any CPU.ActiveCfg = Debug|Any CPU
		{EB4A5CED-EA97-4EB7-9EC5-644EFA7FEA8A}.Debug|Any CPU.Build.0 = Debug|Any CPU
		{EB4A5CED-EA97-4EB7-9EC5-644EFA7FEA8A}.Debug|ARM.ActiveCfg = Debug|Any CPU
		{EB4A5CED-EA97-4EB7-9EC5-644EFA7FEA8A}.Debug|ARM.Build.0 = Debug|Any CPU
		{EB4A5CED-EA97-4EB7-9EC5-644EFA7FEA8A}.Debug|ARM64.ActiveCfg = Debug|Any CPU
		{EB4A5CED-EA97-4EB7-9EC5-644EFA7FEA8A}.Debug|ARM64.Build.0 = Debug|Any CPU
		{EB4A5CED-EA97-4EB7-9EC5-644EFA7FEA8A}.Debug|x64.ActiveCfg = Debug|Any CPU
		{EB4A5CED-EA97-4EB7-9EC5-644EFA7FEA8A}.Debug|x64.Build.0 = Debug|Any CPU
		{EB4A5CED-EA97-4EB7-9EC5-644EFA7FEA8A}.Debug|x86.ActiveCfg = Debug|Any CPU
		{EB4A5CED-EA97-4EB7-9EC5-644EFA7FEA8A}.Debug|x86.Build.0 = Debug|Any CPU
		{EB4A5CED-EA97-4EB7-9EC5-644EFA7FEA8A}.Release|Any CPU.ActiveCfg = Release|Any CPU
		{EB4A5CED-EA97-4EB7-9EC5-644EFA7FEA8A}.Release|Any CPU.Build.0 = Release|Any CPU
		{EB4A5CED-EA97-4EB7-9EC5-644EFA7FEA8A}.Release|ARM.ActiveCfg = Release|Any CPU
		{EB4A5CED-EA97-4EB7-9EC5-644EFA7FEA8A}.Release|ARM.Build.0 = Release|Any CPU
		{EB4A5CED-EA97-4EB7-9EC5-644EFA7FEA8A}.Release|ARM64.ActiveCfg = Release|Any CPU
		{EB4A5CED-EA97-4EB7-9EC5-644EFA7FEA8A}.Release|ARM64.Build.0 = Release|Any CPU
		{EB4A5CED-EA97-4EB7-9EC5-644EFA7FEA8A}.Release|x64.ActiveCfg = Release|Any CPU
		{EB4A5CED-EA97-4EB7-9EC5-644EFA7FEA8A}.Release|x64.Build.0 = Release|Any CPU
		{EB4A5CED-EA97-4EB7-9EC5-644EFA7FEA8A}.Release|x86.ActiveCfg = Release|Any CPU
		{EB4A5CED-EA97-4EB7-9EC5-644EFA7FEA8A}.Release|x86.Build.0 = Release|Any CPU
		{64E25C0A-1C34-4549-8456-47CAEA985CE7}.Debug|Any CPU.ActiveCfg = Debug|Any CPU
		{64E25C0A-1C34-4549-8456-47CAEA985CE7}.Debug|Any CPU.Build.0 = Debug|Any CPU
		{64E25C0A-1C34-4549-8456-47CAEA985CE7}.Debug|ARM.ActiveCfg = Debug|Any CPU
		{64E25C0A-1C34-4549-8456-47CAEA985CE7}.Debug|ARM.Build.0 = Debug|Any CPU
		{64E25C0A-1C34-4549-8456-47CAEA985CE7}.Debug|ARM64.ActiveCfg = Debug|Any CPU
		{64E25C0A-1C34-4549-8456-47CAEA985CE7}.Debug|ARM64.Build.0 = Debug|Any CPU
		{64E25C0A-1C34-4549-8456-47CAEA985CE7}.Debug|x64.ActiveCfg = Debug|Any CPU
		{64E25C0A-1C34-4549-8456-47CAEA985CE7}.Debug|x64.Build.0 = Debug|Any CPU
		{64E25C0A-1C34-4549-8456-47CAEA985CE7}.Debug|x86.ActiveCfg = Debug|Any CPU
		{64E25C0A-1C34-4549-8456-47CAEA985CE7}.Debug|x86.Build.0 = Debug|Any CPU
		{64E25C0A-1C34-4549-8456-47CAEA985CE7}.Release|Any CPU.ActiveCfg = Release|Any CPU
		{64E25C0A-1C34-4549-8456-47CAEA985CE7}.Release|Any CPU.Build.0 = Release|Any CPU
		{64E25C0A-1C34-4549-8456-47CAEA985CE7}.Release|ARM.ActiveCfg = Release|Any CPU
		{64E25C0A-1C34-4549-8456-47CAEA985CE7}.Release|ARM.Build.0 = Release|Any CPU
		{64E25C0A-1C34-4549-8456-47CAEA985CE7}.Release|ARM64.ActiveCfg = Release|Any CPU
		{64E25C0A-1C34-4549-8456-47CAEA985CE7}.Release|ARM64.Build.0 = Release|Any CPU
		{64E25C0A-1C34-4549-8456-47CAEA985CE7}.Release|x64.ActiveCfg = Release|Any CPU
		{64E25C0A-1C34-4549-8456-47CAEA985CE7}.Release|x64.Build.0 = Release|Any CPU
		{64E25C0A-1C34-4549-8456-47CAEA985CE7}.Release|x86.ActiveCfg = Release|Any CPU
		{64E25C0A-1C34-4549-8456-47CAEA985CE7}.Release|x86.Build.0 = Release|Any CPU
	EndGlobalSection
	GlobalSection(SolutionProperties) = preSolution
		HideSolutionNode = FALSE
	EndGlobalSection
	GlobalSection(ExtensibilityGlobals) = postSolution
		SolutionGuid = {82FE7649-DF72-47A0-9916-F716CC31B32D}
	EndGlobalSection
EndGlobal
