
Microsoft Visual Studio Solution File, Format Version 12.00
# Visual Studio Version 17
VisualStudioVersion = 17.9.34728.123
MinimumVisualStudioVersion = 10.0.40219.1
Project("{9A19103F-16F7-4668-BE54-9A1E7A4F7556}") = "WorkingWithEFCore", "WorkingWithEFCore\WorkingWithEFCore.csproj", "{8B2251D2-C0E0-4939-8194-136E60121774}"
EndProject
Project("{9A19103F-16F7-4668-BE54-9A1E7A4F7556}") = "Northwind.EntityModels", "Northwind.EntityModels\Northwind.EntityModels.csproj", "{92338F8C-8308-451B-8672-E9459C830095}"
EndProject
Project("{FAE04EC0-301F-11D3-BF4B-00C04F79EFBC}") = "Ch10Ex02DataSerialization", "Ch10Ex02DataSerialization\Ch10Ex02DataSerialization.csproj", "{F45B1FCA-CB16-4B93-87F4-A02D4F2B5554}"
EndProject
Global
	GlobalSection(SolutionConfigurationPlatforms) = preSolution
		Debug|Any CPU = Debug|Any CPU
		Release|Any CPU = Release|Any CPU
	EndGlobalSection
	GlobalSection(ProjectConfigurationPlatforms) = postSolution
		{8B2251D2-C0E0-4939-8194-136E60121774}.Debug|Any CPU.ActiveCfg = Debug|Any CPU
		{8B2251D2-C0E0-4939-8194-136E60121774}.Debug|Any CPU.Build.0 = Debug|Any CPU
		{8B2251D2-C0E0-4939-8194-136E60121774}.Release|Any CPU.ActiveCfg = Release|Any CPU
		{8B2251D2-C0E0-4939-8194-136E60121774}.Release|Any CPU.Build.0 = Release|Any CPU
		{92338F8C-8308-451B-8672-E9459C830095}.Debug|Any CPU.ActiveCfg = Debug|Any CPU
		{92338F8C-8308-451B-8672-E9459C830095}.Debug|Any CPU.Build.0 = Debug|Any CPU
		{92338F8C-8308-451B-8672-E9459C830095}.Release|Any CPU.ActiveCfg = Release|Any CPU
		{92338F8C-8308-451B-8672-E9459C830095}.Release|Any CPU.Build.0 = Release|Any CPU
		{F45B1FCA-CB16-4B93-87F4-A02D4F2B5554}.Debug|Any CPU.ActiveCfg = Debug|Any CPU
		{F45B1FCA-CB16-4B93-87F4-A02D4F2B5554}.Debug|Any CPU.Build.0 = Debug|Any CPU
		{F45B1FCA-CB16-4B93-87F4-A02D4F2B5554}.Release|Any CPU.ActiveCfg = Release|Any CPU
		{F45B1FCA-CB16-4B93-87F4-A02D4F2B5554}.Release|Any CPU.Build.0 = Release|Any CPU
	EndGlobalSection
	GlobalSection(SolutionProperties) = preSolution
		HideSolutionNode = FALSE
	EndGlobalSection
	GlobalSection(ExtensibilityGlobals) = postSolution
		SolutionGuid = {FAFFABCD-BBD2-4924-BDBB-BA14851256D9}
	EndGlobalSection
EndGlobal
