
Microsoft Visual Studio Solution File, Format Version 12.00
# Visual Studio Version 17
VisualStudioVersion = 17.9.34728.123
MinimumVisualStudioVersion = 10.0.40219.1
Project("{FAE04EC0-301F-11D3-BF4B-00C04F79EFBC}") = "LinqWithObjects", "LinqWithObjects\LinqWithObjects.csproj", "{3E332AF7-23CC-4F15-9C25-0578330E8376}"
EndProject
Project("{FAE04EC0-301F-11D3-BF4B-00C04F79EFBC}") = "LinqWithEFCore", "LinqWithEFCore\LinqWithEFCore.csproj", "{1C1943E2-9737-4F94-B588-FECA22704F09}"
EndProject
Project("{FAE04EC0-301F-11D3-BF4B-00C04F79EFBC}") = "Ch11Ex02LinqQueries", "Ch11Ex02LinqQueries\Ch11Ex02LinqQueries.csproj", "{C2F6F669-CA9E-43E1-AC4C-2F751B9B4687}"
EndProject
Global
	GlobalSection(SolutionConfigurationPlatforms) = preSolution
		Debug|Any CPU = Debug|Any CPU
		Release|Any CPU = Release|Any CPU
	EndGlobalSection
	GlobalSection(ProjectConfigurationPlatforms) = postSolution
		{3E332AF7-23CC-4F15-9C25-0578330E8376}.Debug|Any CPU.ActiveCfg = Debug|Any CPU
		{3E332AF7-23CC-4F15-9C25-0578330E8376}.Debug|Any CPU.Build.0 = Debug|Any CPU
		{3E332AF7-23CC-4F15-9C25-0578330E8376}.Release|Any CPU.ActiveCfg = Release|Any CPU
		{3E332AF7-23CC-4F15-9C25-0578330E8376}.Release|Any CPU.Build.0 = Release|Any CPU
		{1C1943E2-9737-4F94-B588-FECA22704F09}.Debug|Any CPU.ActiveCfg = Debug|Any CPU
		{1C1943E2-9737-4F94-B588-FECA22704F09}.Debug|Any CPU.Build.0 = Debug|Any CPU
		{1C1943E2-9737-4F94-B588-FECA22704F09}.Release|Any CPU.ActiveCfg = Release|Any CPU
		{1C1943E2-9737-4F94-B588-FECA22704F09}.Release|Any CPU.Build.0 = Release|Any CPU
		{C2F6F669-CA9E-43E1-AC4C-2F751B9B4687}.Debug|Any CPU.ActiveCfg = Debug|Any CPU
		{C2F6F669-CA9E-43E1-AC4C-2F751B9B4687}.Debug|Any CPU.Build.0 = Debug|Any CPU
		{C2F6F669-CA9E-43E1-AC4C-2F751B9B4687}.Release|Any CPU.ActiveCfg = Release|Any CPU
		{C2F6F669-CA9E-43E1-AC4C-2F751B9B4687}.Release|Any CPU.Build.0 = Release|Any CPU
	EndGlobalSection
	GlobalSection(SolutionProperties) = preSolution
		HideSolutionNode = FALSE
	EndGlobalSection
	GlobalSection(ExtensibilityGlobals) = postSolution
		SolutionGuid = {7131F60E-5554-4050-8214-A6FCE1C03FAD}
	EndGlobalSection
EndGlobal
